
Microsoft Visual Studio Solution File, Format Version 12.00
# Visual Studio Version 16
VisualStudioVersion = 16.0.30621.155
MinimumVisualStudioVersion = 10.0.40219.1
Project("{9A19103F-16F7-4668-BE54-9A1E7A4F7556}") = "SuperShoesApp", "SuperShoesApp\SuperShoesApp.csproj", "{71A73834-B376-4DED-8984-DD845FE23A30}"
EndProject
Project("{FAE04EC0-301F-11D3-BF4B-00C04F79EFBC}") = "SuperShoes", "SuperShoes\SuperShoes.csproj", "{6ACFB046-2338-4B66-A3E1-92303F0DBD94}"
EndProject
Global
	GlobalSection(SolutionConfigurationPlatforms) = preSolution
		Debug|Any CPU = Debug|Any CPU
		Release|Any CPU = Release|Any CPU
	EndGlobalSection
	GlobalSection(ProjectConfigurationPlatforms) = postSolution
		{71A73834-B376-4DED-8984-DD845FE23A30}.Debug|Any CPU.ActiveCfg = Debug|Any CPU
		{71A73834-B376-4DED-8984-DD845FE23A30}.Debug|Any CPU.Build.0 = Debug|Any CPU
		{71A73834-B376-4DED-8984-DD845FE23A30}.Release|Any CPU.ActiveCfg = Release|Any CPU
		{71A73834-B376-4DED-8984-DD845FE23A30}.Release|Any CPU.Build.0 = Release|Any CPU
		{6ACFB046-2338-4B66-A3E1-92303F0DBD94}.Debug|Any CPU.ActiveCfg = Debug|Any CPU
		{6ACFB046-2338-4B66-A3E1-92303F0DBD94}.Debug|Any CPU.Build.0 = Debug|Any CPU
		{6ACFB046-2338-4B66-A3E1-92303F0DBD94}.Release|Any CPU.ActiveCfg = Release|Any CPU
		{6ACFB046-2338-4B66-A3E1-92303F0DBD94}.Release|Any CPU.Build.0 = Release|Any CPU
	EndGlobalSection
	GlobalSection(SolutionProperties) = preSolution
		HideSolutionNode = FALSE
	EndGlobalSection
	GlobalSection(ExtensibilityGlobals) = postSolution
		SolutionGuid = {348F9B79-E7B7-425F-9E40-7D8C6C51F87D}
	EndGlobalSection
EndGlobal
